{
  "name": "dinerplacemat",
  "lockfileVersion": 3,
  "requires": true,
  "packages": {
    "": {
      "dependencies": {
        "bcrypt-edge": "^0.1.1"
      }
    },
    "node_modules/bcrypt-edge": {
      "version": "0.1.1",
      "resolved": "https://registry.npmjs.org/bcrypt-edge/-/bcrypt-edge-0.1.1.tgz",
      "integrity": "sha512-3lX8sOl0ObPJv+Qby8Xf9ROy6jqhtKSYtq64jRHNk7WmUr7glMChsSitz+uCvPf0OOcqTX3i+ig3j8qcqtqJkQ==",
      "deprecated": "Package no longer supported. Contact Support at https://www.npmjs.com/support for more info."
    }
  }
}
